
Microsoft Visual Studio Solution File, Format Version 12.00
# Visual Studio Version 17
VisualStudioVersion = 17.10.35027.167
MinimumVisualStudioVersion = 10.0.40219.1
Project("{2150E333-8FDC-42A3-9474-1A3956D46DE8}") = "1 - Presentation", "1 - Presentation", "{44649237-5702-4267-8DF8-7B2F9DB73474}"
EndProject
Project("{9A19103F-16F7-4668-BE54-9A1E7A4F7556}") = "C067058.Site", "src\C067058.Site\C067058.Site.csproj", "{FD3D845E-DE58-4427-A52B-49DD58570D6A}"
EndProject
Project("{2150E333-8FDC-42A3-9474-1A3956D46DE8}") = "2 - Application", "2 - Application", "{4EE1B89B-362D-45F7-8059-4DE256B5389F}"
EndProject
Project("{2150E333-8FDC-42A3-9474-1A3956D46DE8}") = "3 - Domain", "3 - Domain", "{9D078ACC-EAEA-4DA4-9568-87B8D5AD0798}"
EndProject
Project("{2150E333-8FDC-42A3-9474-1A3956D46DE8}") = "4 - Data", "4 - Data", "{BA5DF53A-15CE-44D9-BB19-B85B13E3AC9D}"
EndProject
Project("{2150E333-8FDC-42A3-9474-1A3956D46DE8}") = "5 - Infra", "5 - Infra", "{6F8BD9EA-500B-4269-AE98-464FCDCB9295}"
EndProject
Project("{9A19103F-16F7-4668-BE54-9A1E7A4F7556}") = "C067058.Application", "src\C067058.Application\C067058.Application.csproj", "{0098BC6D-AD7F-45D6-82EA-C618F37A401F}"
EndProject
Project("{9A19103F-16F7-4668-BE54-9A1E7A4F7556}") = "C067058.Infra.IoC", "src\C067058.Infra.IoC\C067058.Infra.IoC.csproj", "{9C9AF3C5-555A-461A-930B-D6759036271B}"
EndProject
Project("{9A19103F-16F7-4668-BE54-9A1E7A4F7556}") = "C067058.Domain", "src\C067058.Domain\C067058.Domain.csproj", "{FE5361EF-35A5-4593-ABEC-C2FCD82A04EE}"
EndProject
Project("{9A19103F-16F7-4668-BE54-9A1E7A4F7556}") = "C067058.WebAPI", "src\C067058.WebAPI\C067058.WebAPI.csproj", "{D6A0862D-E60A-4DA7-B295-0E502E8DF5AE}"
EndProject
Global
	GlobalSection(SolutionConfigurationPlatforms) = preSolution
		Debug|Any CPU = Debug|Any CPU
		Release|Any CPU = Release|Any CPU
	EndGlobalSection
	GlobalSection(ProjectConfigurationPlatforms) = postSolution
		{FD3D845E-DE58-4427-A52B-49DD58570D6A}.Debug|Any CPU.ActiveCfg = Debug|Any CPU
		{FD3D845E-DE58-4427-A52B-49DD58570D6A}.Debug|Any CPU.Build.0 = Debug|Any CPU
		{FD3D845E-DE58-4427-A52B-49DD58570D6A}.Release|Any CPU.ActiveCfg = Release|Any CPU
		{FD3D845E-DE58-4427-A52B-49DD58570D6A}.Release|Any CPU.Build.0 = Release|Any CPU
		{0098BC6D-AD7F-45D6-82EA-C618F37A401F}.Debug|Any CPU.ActiveCfg = Debug|Any CPU
		{0098BC6D-AD7F-45D6-82EA-C618F37A401F}.Debug|Any CPU.Build.0 = Debug|Any CPU
		{0098BC6D-AD7F-45D6-82EA-C618F37A401F}.Release|Any CPU.ActiveCfg = Release|Any CPU
		{0098BC6D-AD7F-45D6-82EA-C618F37A401F}.Release|Any CPU.Build.0 = Release|Any CPU
		{9C9AF3C5-555A-461A-930B-D6759036271B}.Debug|Any CPU.ActiveCfg = Debug|Any CPU
		{9C9AF3C5-555A-461A-930B-D6759036271B}.Debug|Any CPU.Build.0 = Debug|Any CPU
		{9C9AF3C5-555A-461A-930B-D6759036271B}.Release|Any CPU.ActiveCfg = Release|Any CPU
		{9C9AF3C5-555A-461A-930B-D6759036271B}.Release|Any CPU.Build.0 = Release|Any CPU
		{FE5361EF-35A5-4593-ABEC-C2FCD82A04EE}.Debug|Any CPU.ActiveCfg = Debug|Any CPU
		{FE5361EF-35A5-4593-ABEC-C2FCD82A04EE}.Debug|Any CPU.Build.0 = Debug|Any CPU
		{FE5361EF-35A5-4593-ABEC-C2FCD82A04EE}.Release|Any CPU.ActiveCfg = Release|Any CPU
		{FE5361EF-35A5-4593-ABEC-C2FCD82A04EE}.Release|Any CPU.Build.0 = Release|Any CPU
		{D6A0862D-E60A-4DA7-B295-0E502E8DF5AE}.Debug|Any CPU.ActiveCfg = Debug|Any CPU
		{D6A0862D-E60A-4DA7-B295-0E502E8DF5AE}.Debug|Any CPU.Build.0 = Debug|Any CPU
		{D6A0862D-E60A-4DA7-B295-0E502E8DF5AE}.Release|Any CPU.ActiveCfg = Release|Any CPU
		{D6A0862D-E60A-4DA7-B295-0E502E8DF5AE}.Release|Any CPU.Build.0 = Release|Any CPU
	EndGlobalSection
	GlobalSection(SolutionProperties) = preSolution
		HideSolutionNode = FALSE
	EndGlobalSection
	GlobalSection(NestedProjects) = preSolution
		{FD3D845E-DE58-4427-A52B-49DD58570D6A} = {44649237-5702-4267-8DF8-7B2F9DB73474}
		{BA5DF53A-15CE-44D9-BB19-B85B13E3AC9D} = {6F8BD9EA-500B-4269-AE98-464FCDCB9295}
		{0098BC6D-AD7F-45D6-82EA-C618F37A401F} = {4EE1B89B-362D-45F7-8059-4DE256B5389F}
		{9C9AF3C5-555A-461A-930B-D6759036271B} = {6F8BD9EA-500B-4269-AE98-464FCDCB9295}
		{FE5361EF-35A5-4593-ABEC-C2FCD82A04EE} = {9D078ACC-EAEA-4DA4-9568-87B8D5AD0798}
		{D6A0862D-E60A-4DA7-B295-0E502E8DF5AE} = {44649237-5702-4267-8DF8-7B2F9DB73474}
	EndGlobalSection
	GlobalSection(ExtensibilityGlobals) = postSolution
		SolutionGuid = {BFC495D7-A443-4EF9-8F70-532AB27430F2}
	EndGlobalSection
EndGlobal
